
Microsoft Visual Studio Solution File, Format Version 12.00
# Visual Studio Version 16
VisualStudioVersion = 16.0.30204.135
MinimumVisualStudioVersion = 10.0.40219.1
Project("{9A19103F-16F7-4668-BE54-9A1E7A4F7556}") = "PlutoRover.Domain", "src\PlutoRover.Domain\PlutoRover.Domain.csproj", "{00611F81-351F-41C3-BB35-998F570170F0}"
EndProject
Project("{FAE04EC0-301F-11D3-BF4B-00C04F79EFBC}") = "PlutoRover.Domain.Tests", "src\PlutoRover.Domain.Tests\PlutoRover.Domain.Tests.csproj", "{BBC6CD30-987D-46B1-9AE1-B0B23B9161B9}"
EndProject
Global
	GlobalSection(SolutionConfigurationPlatforms) = preSolution
		Debug|Any CPU = Debug|Any CPU
		Release|Any CPU = Release|Any CPU
	EndGlobalSection
	GlobalSection(ProjectConfigurationPlatforms) = postSolution
		{00611F81-351F-41C3-BB35-998F570170F0}.Debug|Any CPU.ActiveCfg = Debug|Any CPU
		{00611F81-351F-41C3-BB35-998F570170F0}.Debug|Any CPU.Build.0 = Debug|Any CPU
		{00611F81-351F-41C3-BB35-998F570170F0}.Release|Any CPU.ActiveCfg = Release|Any CPU
		{00611F81-351F-41C3-BB35-998F570170F0}.Release|Any CPU.Build.0 = Release|Any CPU
		{BBC6CD30-987D-46B1-9AE1-B0B23B9161B9}.Debug|Any CPU.ActiveCfg = Debug|Any CPU
		{BBC6CD30-987D-46B1-9AE1-B0B23B9161B9}.Debug|Any CPU.Build.0 = Debug|Any CPU
		{BBC6CD30-987D-46B1-9AE1-B0B23B9161B9}.Release|Any CPU.ActiveCfg = Release|Any CPU
		{BBC6CD30-987D-46B1-9AE1-B0B23B9161B9}.Release|Any CPU.Build.0 = Release|Any CPU
	EndGlobalSection
	GlobalSection(SolutionProperties) = preSolution
		HideSolutionNode = FALSE
	EndGlobalSection
	GlobalSection(ExtensibilityGlobals) = postSolution
		SolutionGuid = {DEEC3C69-C486-4CC6-9AFB-4F6EC4C88661}
	EndGlobalSection
EndGlobal
